
Microsoft Visual Studio Solution File, Format Version 12.00
# Visual Studio Version 17
VisualStudioVersion = 17.8.34330.188
MinimumVisualStudioVersion = 10.0.40219.1
Project("{FAE04EC0-301F-11D3-BF4B-00C04F79EFBC}") = "Debug_Refactor_ack", "Debug_Refactor_ack\Debug_Refactor_ack.csproj", "{9618C4A5-6916-4420-87C8-00CC20B09F3B}"
EndProject
Global
	GlobalSection(SolutionConfigurationPlatforms) = preSolution
		Debug|Any CPU = Debug|Any CPU
		Release|Any CPU = Release|Any CPU
	EndGlobalSection
	GlobalSection(ProjectConfigurationPlatforms) = postSolution
		{9618C4A5-6916-4420-87C8-00CC20B09F3B}.Debug|Any CPU.ActiveCfg = Debug|Any CPU
		{9618C4A5-6916-4420-87C8-00CC20B09F3B}.Debug|Any CPU.Build.0 = Debug|Any CPU
		{9618C4A5-6916-4420-87C8-00CC20B09F3B}.Release|Any CPU.ActiveCfg = Release|Any CPU
		{9618C4A5-6916-4420-87C8-00CC20B09F3B}.Release|Any CPU.Build.0 = Release|Any CPU
	EndGlobalSection
	GlobalSection(SolutionProperties) = preSolution
		HideSolutionNode = FALSE
	EndGlobalSection
	GlobalSection(ExtensibilityGlobals) = postSolution
		SolutionGuid = {F317A13B-2433-49BC-8BC7-15FDD95782A2}
	EndGlobalSection
EndGlobal
