
Microsoft Visual Studio Solution File, Format Version 12.00
# Visual Studio Version 17
VisualStudioVersion = 17.8.34330.188
MinimumVisualStudioVersion = 10.0.40219.1
Project("{FAE04EC0-301F-11D3-BF4B-00C04F79EFBC}") = "RefactoredApi", "RefactoredApi\RefactoredApi.csproj", "{8D0F72A8-B49C-48DA-8EBA-69C7081C3E29}"
EndProject
Project("{2150E333-8FDC-42A3-9474-1A3956D46DE8}") = "OriginalBadCode", "OriginalBadCode", "{9D8D2D9A-85C2-4464-B18A-A873FDF1E332}"
	ProjectSection(SolutionItems) = preProject
		ProductsController.cs = ProductsController.cs
	EndProjectSection
EndProject
Global
	GlobalSection(SolutionConfigurationPlatforms) = preSolution
		Debug|Any CPU = Debug|Any CPU
		Release|Any CPU = Release|Any CPU
	EndGlobalSection
	GlobalSection(ProjectConfigurationPlatforms) = postSolution
		{8D0F72A8-B49C-48DA-8EBA-69C7081C3E29}.Debug|Any CPU.ActiveCfg = Debug|Any CPU
		{8D0F72A8-B49C-48DA-8EBA-69C7081C3E29}.Debug|Any CPU.Build.0 = Debug|Any CPU
		{8D0F72A8-B49C-48DA-8EBA-69C7081C3E29}.Release|Any CPU.ActiveCfg = Release|Any CPU
		{8D0F72A8-B49C-48DA-8EBA-69C7081C3E29}.Release|Any CPU.Build.0 = Release|Any CPU
	EndGlobalSection
	GlobalSection(SolutionProperties) = preSolution
		HideSolutionNode = FALSE
	EndGlobalSection
	GlobalSection(ExtensibilityGlobals) = postSolution
		SolutionGuid = {F28BD4EA-A258-4331-9449-6D77205C4FCE}
	EndGlobalSection
EndGlobal
