
Microsoft Visual Studio Solution File, Format Version 12.00
# Visual Studio Version 17
VisualStudioVersion = 17.8.34330.188
MinimumVisualStudioVersion = 10.0.40219.1
Project("{9A19103F-16F7-4668-BE54-9A1E7A4F7556}") = "Task02", "Task02.csproj", "{3A610610-CB37-4DCF-A7C0-873972727588}"
EndProject
Global
	GlobalSection(SolutionConfigurationPlatforms) = preSolution
		Debug|Any CPU = Debug|Any CPU
		Release|Any CPU = Release|Any CPU
	EndGlobalSection
	GlobalSection(ProjectConfigurationPlatforms) = postSolution
		{3A610610-CB37-4DCF-A7C0-873972727588}.Debug|Any CPU.ActiveCfg = Debug|Any CPU
		{3A610610-CB37-4DCF-A7C0-873972727588}.Debug|Any CPU.Build.0 = Debug|Any CPU
		{3A610610-CB37-4DCF-A7C0-873972727588}.Release|Any CPU.ActiveCfg = Release|Any CPU
		{3A610610-CB37-4DCF-A7C0-873972727588}.Release|Any CPU.Build.0 = Release|Any CPU
	EndGlobalSection
	GlobalSection(SolutionProperties) = preSolution
		HideSolutionNode = FALSE
	EndGlobalSection
	GlobalSection(ExtensibilityGlobals) = postSolution
		SolutionGuid = {14E3D976-82E3-46F6-8ECD-33062034BDD9}
	EndGlobalSection
EndGlobal
